
Microsoft Visual Studio Solution File, Format Version 12.00
Project("{FAE04EC0-301F-11D3-BF4B-00C04F79EFBC}") = "Part1-1", "Part1-1\Part1-1.csproj", "{27BF1587-7DFC-4435-9E95-D7AF5030C662}"
EndProject
Project("{FAE04EC0-301F-11D3-BF4B-00C04F79EFBC}") = "Part1-2", "Part1-2\Part1-2.csproj", "{06EA8695-BF3D-4C67-B03F-C2F703718C6F}"
EndProject
Project("{FAE04EC0-301F-11D3-BF4B-00C04F79EFBC}") = "Part4_Ex1", "Part4_Ex1\Part4_Ex1.csproj", "{D1FA9622-741C-4F66-B028-CD002EE31787}"
EndProject
Project("{FAE04EC0-301F-11D3-BF4B-00C04F79EFBC}") = "Part4_Ex2", "Part4_Ex2\Part4_Ex2.csproj", "{7985FC9B-2510-4593-A4AA-3A7E972DDF5E}"
EndProject
Global
	GlobalSection(SolutionConfigurationPlatforms) = preSolution
		Debug|Any CPU = Debug|Any CPU
		Release|Any CPU = Release|Any CPU
	EndGlobalSection
	GlobalSection(ProjectConfigurationPlatforms) = postSolution
		{27BF1587-7DFC-4435-9E95-D7AF5030C662}.Debug|Any CPU.ActiveCfg = Debug|Any CPU
		{27BF1587-7DFC-4435-9E95-D7AF5030C662}.Debug|Any CPU.Build.0 = Debug|Any CPU
		{27BF1587-7DFC-4435-9E95-D7AF5030C662}.Release|Any CPU.ActiveCfg = Release|Any CPU
		{27BF1587-7DFC-4435-9E95-D7AF5030C662}.Release|Any CPU.Build.0 = Release|Any CPU
		{06EA8695-BF3D-4C67-B03F-C2F703718C6F}.Debug|Any CPU.ActiveCfg = Debug|Any CPU
		{06EA8695-BF3D-4C67-B03F-C2F703718C6F}.Debug|Any CPU.Build.0 = Debug|Any CPU
		{06EA8695-BF3D-4C67-B03F-C2F703718C6F}.Release|Any CPU.ActiveCfg = Release|Any CPU
		{06EA8695-BF3D-4C67-B03F-C2F703718C6F}.Release|Any CPU.Build.0 = Release|Any CPU
		{D1FA9622-741C-4F66-B028-CD002EE31787}.Debug|Any CPU.ActiveCfg = Debug|Any CPU
		{D1FA9622-741C-4F66-B028-CD002EE31787}.Debug|Any CPU.Build.0 = Debug|Any CPU
		{D1FA9622-741C-4F66-B028-CD002EE31787}.Release|Any CPU.ActiveCfg = Release|Any CPU
		{D1FA9622-741C-4F66-B028-CD002EE31787}.Release|Any CPU.Build.0 = Release|Any CPU
		{7985FC9B-2510-4593-A4AA-3A7E972DDF5E}.Debug|Any CPU.ActiveCfg = Debug|Any CPU
		{7985FC9B-2510-4593-A4AA-3A7E972DDF5E}.Debug|Any CPU.Build.0 = Debug|Any CPU
		{7985FC9B-2510-4593-A4AA-3A7E972DDF5E}.Release|Any CPU.ActiveCfg = Release|Any CPU
		{7985FC9B-2510-4593-A4AA-3A7E972DDF5E}.Release|Any CPU.Build.0 = Release|Any CPU
	EndGlobalSection
EndGlobal
